
Microsoft Visual Studio Solution File, Format Version 12.00
# Visual Studio Version 16
VisualStudioVersion = 16.0.31129.286
MinimumVisualStudioVersion = 10.0.40219.1
Project("{9A19103F-16F7-4668-BE54-9A1E7A4F7556}") = "AspNetCoreCustomItemTutorials", "AspNetCoreCustomItemTutorials\AspNetCoreCustomItemTutorials.csproj", "{52722D9C-F44F-4385-BA67-0DFF49188FF5}"
EndProject
Global
	GlobalSection(SolutionConfigurationPlatforms) = preSolution
		Debug|Any CPU = Debug|Any CPU
		Release|Any CPU = Release|Any CPU
	EndGlobalSection
	GlobalSection(ProjectConfigurationPlatforms) = postSolution
		{52722D9C-F44F-4385-BA67-0DFF49188FF5}.Debug|Any CPU.ActiveCfg = Debug|Any CPU
		{52722D9C-F44F-4385-BA67-0DFF49188FF5}.Debug|Any CPU.Build.0 = Debug|Any CPU
		{52722D9C-F44F-4385-BA67-0DFF49188FF5}.Release|Any CPU.ActiveCfg = Release|Any CPU
		{52722D9C-F44F-4385-BA67-0DFF49188FF5}.Release|Any CPU.Build.0 = Release|Any CPU
	EndGlobalSection
	GlobalSection(SolutionProperties) = preSolution
		HideSolutionNode = FALSE
	EndGlobalSection
	GlobalSection(ExtensibilityGlobals) = postSolution
		SolutionGuid = {88872A05-04E6-41B8-B896-0F6782150BAA}
	EndGlobalSection
EndGlobal
