{
  "name": "custom-item-tutorials",
  "version": "1.0.0",
  "lockfileVersion": 3,
  "requires": true,
  "packages": {
    "": {
      "name": "custom-item-tutorials",
      "version": "1.0.0",
      "dependencies": {
        "@devexpress/analytics-core": "23.2-stable",
        "devexpress-dashboard": "23.2-next",
        "devextreme-dist": "23.2-stable",
        "html2canvas": "^1.4.1"
      }
    },
    "node_modules/@babel/runtime": {
      "version": "7.23.9",
      "resolved": "http://npmproxy.devexpress.devx:4873/@babel/runtime/-/runtime-7.23.9.tgz",
      "integrity": "sha512-0CX6F+BI2s9dkUqr08KFrAIZgNFj75rdBU/DjCyYLIaV/quFjkk6T+EJ2LkZHyZTbEV4L5p97mNkUsHl2wLFAw==",
      "license": "MIT",
      "peer": true,
      "dependencies": {
        "regenerator-runtime": "^0.14.0"
      },
      "engines": {
        "node": ">=6.9.0"
      }
    },
    "node_modules/@devexpress/analytics-core": {
      "version": "23.2.4",
      "resolved": "http://npmproxy.devexpress.devx:4873/@devexpress/analytics-core/-/analytics-core-23.2.4.tgz",
      "integrity": "sha512-b3Bdg3VCkDt87+irHmCtqafWzAkSOxp0UCpago31/vHZjf1kf9H25ktY7RxsE0PsEryDPctCb0SQfirlDeqoTA==",
      "license": "SEE LICENSE IN README.md",
      "dependencies": {
        "@types/jquery": "^3.1.1",
        "ace-builds": "^1.4.13",
        "jquery": "^3.1.1",
        "knockout": "~3.5.0"
      },
      "peerDependencies": {
        "devextreme": "23.2.4"
      }
    },
    "node_modules/@devexpress/utils": {
      "version": "1.4.1",
      "resolved": "http://npmproxy.devexpress.devx:4873/@devexpress/utils/-/utils-1.4.1.tgz",
      "integrity": "sha512-wXixOorFlYsUiLOjAxb9UnTtvMXxYdsEmApKrbDmRk9M76V8evOQR2ChUzNtfPloy7fZecL8UWq/sF+3ZCPzQQ==",
      "license": "SEE LICENSE IN README.md",
      "peer": true,
      "dependencies": {
        "tslib": "2.3.1"
      }
    },
    "node_modules/@devexpress/utils/node_modules/tslib": {
      "version": "2.3.1",
      "resolved": "http://npmproxy.devexpress.devx:4873/tslib/-/tslib-2.3.1.tgz",
      "integrity": "sha512-77EbyPPpMz+FRFRuAFlWMtmgUWGe9UOG2Z25NqCwiIjRhOf5iKGuzSe5P2w1laq+FkRy4p+PCuVkJSGkzTEKVw==",
      "license": "0BSD",
      "peer": true
    },
    "node_modules/@devextreme/runtime": {
      "version": "3.0.12",
      "resolved": "http://npmproxy.devexpress.devx:4873/@devextreme/runtime/-/runtime-3.0.12.tgz",
      "integrity": "sha512-a2VCfi82xvB19E2UpaziHDwvbwJESfxm8KUoe1QzQeOFZ3tcgBnWh+oOhf2EIFLCTU34amG7AGVxrSDz+b+ZHg==",
      "license": "SEE LICENSE IN LICENSE",
      "peer": true,
      "dependencies": {
        "inferno": "^7.4.6",
        "inferno-create-element": "^7.4.6",
        "inferno-hydrate": "^7.4.6"
      }
    },
    "node_modules/@types/jquery": {
      "version": "3.5.29",
      "resolved": "http://npmproxy.devexpress.devx:4873/@types/jquery/-/jquery-3.5.29.tgz",
      "integrity": "sha512-oXQQC9X9MOPRrMhPHHOsXqeQDnWeCDT3PelUIg/Oy8FAbzSZtFHRjc7IpbfFVmpLtJ+UOoywpRsuO5Jxjybyeg==",
      "license": "MIT",
      "dependencies": {
        "@types/sizzle": "*"
      }
    },
    "node_modules/@types/sizzle": {
      "version": "2.3.8",
      "resolved": "http://npmproxy.devexpress.devx:4873/@types/sizzle/-/sizzle-2.3.8.tgz",
      "integrity": "sha512-0vWLNK2D5MT9dg0iOo8GlKguPAU02QjmZitPEsXRuJXU/OGIOt9vT9Fc26wtYuavLxtO45v9PGleoL9Z0k1LHg==",
      "license": "MIT"
    },
    "node_modules/ace-builds": {
      "version": "1.32.6",
      "resolved": "http://npmproxy.devexpress.devx:4873/ace-builds/-/ace-builds-1.32.6.tgz",
      "integrity": "sha512-dO5BnyDOhCnznhOpILzXq4jqkbhRXxNkf3BuVTmyxGyRLrhddfdyk6xXgy+7A8LENrcYoFi/sIxMuH3qjNUN4w==",
      "license": "BSD-3-Clause"
    },
    "node_modules/ansi-regex": {
      "version": "5.0.1",
      "resolved": "http://npmproxy.devexpress.devx:4873/ansi-regex/-/ansi-regex-5.0.1.tgz",
      "integrity": "sha512-quJQXlTSUGL2LH9SUXo8VwsY4soanhgo6LNSm84E1LBcE8s3O0wpdiRzyR9z/ZZJMlMWv37qOOb9pdJlMUEKFQ==",
      "license": "MIT",
      "peer": true,
      "engines": {
        "node": ">=8"
      }
    },
    "node_modules/ansi-styles": {
      "version": "4.3.0",
      "resolved": "http://npmproxy.devexpress.devx:4873/ansi-styles/-/ansi-styles-4.3.0.tgz",
      "integrity": "sha512-zbB9rCJAT1rbjiVDb2hqKFHNYLxgtk8NURxZ3IZwD3F6NtxbXZQCnnSi1Lkx+IDohdPlFp222wVALIheZJQSEg==",
      "license": "MIT",
      "peer": true,
      "dependencies": {
        "color-convert": "^2.0.1"
      },
      "engines": {
        "node": ">=8"
      },
      "funding": {
        "url": "https://github.com/chalk/ansi-styles?sponsor=1"
      }
    },
    "node_modules/base64-arraybuffer": {
      "version": "1.0.2",
      "resolved": "http://npmproxy.devexpress.devx:4873/base64-arraybuffer/-/base64-arraybuffer-1.0.2.tgz",
      "integrity": "sha512-I3yl4r9QB5ZRY3XuJVEPfc2XhZO6YweFPI+UovAzn+8/hb3oJ6lnysaFcjVpkCPfVWFUDvoZ8kmVDP7WyRtYtQ==",
      "license": "MIT",
      "engines": {
        "node": ">= 0.6.0"
      }
    },
    "node_modules/cliui": {
      "version": "8.0.1",
      "resolved": "http://npmproxy.devexpress.devx:4873/cliui/-/cliui-8.0.1.tgz",
      "integrity": "sha512-BSeNnyus75C4//NQ9gQt1/csTXyo/8Sb+afLAkzAptFuMsod9HFokGNudZpi/oQV73hnVK+sR+5PVRMd+Dr7YQ==",
      "license": "ISC",
      "peer": true,
      "dependencies": {
        "string-width": "^4.2.0",
        "strip-ansi": "^6.0.1",
        "wrap-ansi": "^7.0.0"
      },
      "engines": {
        "node": ">=12"
      }
    },
    "node_modules/color-convert": {
      "version": "2.0.1",
      "resolved": "http://npmproxy.devexpress.devx:4873/color-convert/-/color-convert-2.0.1.tgz",
      "integrity": "sha512-RRECPsj7iu/xb5oKYcsFHSppFNnsj/52OVTRKb4zP5onXwVF3zVmmToNcOfGC+CRDpfK/U584fMg38ZHCaElKQ==",
      "license": "MIT",
      "peer": true,
      "dependencies": {
        "color-name": "~1.1.4"
      },
      "engines": {
        "node": ">=7.0.0"
      }
    },
    "node_modules/color-name": {
      "version": "1.1.4",
      "resolved": "http://npmproxy.devexpress.devx:4873/color-name/-/color-name-1.1.4.tgz",
      "integrity": "sha512-dOy+3AuW3a2wNbZHIuMZpTcgjGuLU/uBL/ubcZF9OXbDo8ff4O8yVp5Bf0efS8uEoYo5q4Fx7dY9OgQGXgAsQA==",
      "license": "MIT",
      "peer": true
    },
    "node_modules/core-js": {
      "version": "3.35.1",
      "resolved": "http://npmproxy.devexpress.devx:4873/core-js/-/core-js-3.35.1.tgz",
      "integrity": "sha512-IgdsbxNyMskrTFxa9lWHyMwAJU5gXOPP+1yO+K59d50VLVAIDAbs7gIv705KzALModfK3ZrSZTPNpC0PQgIZuw==",
      "hasInstallScript": true,
      "license": "MIT",
      "peer": true,
      "funding": {
        "type": "opencollective",
        "url": "https://opencollective.com/core-js"
      }
    },
    "node_modules/core-util-is": {
      "version": "1.0.3",
      "resolved": "http://npmproxy.devexpress.devx:4873/core-util-is/-/core-util-is-1.0.3.tgz",
      "integrity": "sha512-ZQBvi1DcpJ4GDqanjucZ2Hj3wEO5pZDS89BWbkcrvdxksJorwUDDZamX9ldFkp9aw2lmBDLgkObEA4DWNJ9FYQ==",
      "license": "MIT",
      "peer": true
    },
    "node_modules/css-line-break": {
      "version": "2.1.0",
      "resolved": "http://npmproxy.devexpress.devx:4873/css-line-break/-/css-line-break-2.1.0.tgz",
      "integrity": "sha512-FHcKFCZcAha3LwfVBhCQbW2nCNbkZXn7KVUJcsT5/P8YmfsVja0FMPJr0B903j/E69HUphKiV9iQArX8SDYA4w==",
      "license": "MIT",
      "dependencies": {
        "utrie": "^1.0.2"
      }
    },
    "node_modules/devexpress-dashboard": {
      "version": "23.2.4",
      "resolved": "http://npmproxy.devexpress.devx:4873/devexpress-dashboard/-/devexpress-dashboard-23.2.4.tgz",
      "integrity": "sha512-ox2uyVjkS1SsPPWiDjwQIyyMJCRpzcm+4fnUOJB49/FI8g8U/BkIKHDSMAojshY1ppTpIOv892LIDhbN/OEleA==",
      "license": "SEE LICENSE IN README.md",
      "dependencies": {
        "@types/jquery": "^3.1.1",
        "jquery": "^3.3.1",
        "knockout": "~3.5.0"
      },
      "peerDependencies": {
        "@devexpress/analytics-core": "23.2.4",
        "devexpress-richedit": "23.2.4",
        "devextreme": "23.2.4"
      }
    },
    "node_modules/devexpress-diagram": {
      "version": "2.2.5",
      "resolved": "http://npmproxy.devexpress.devx:4873/devexpress-diagram/-/devexpress-diagram-2.2.5.tgz",
      "integrity": "sha512-gxcBYNChijcfmsOnWOWPmTGxIPn+eGIf3635PUgpTBL/WPpDVZJsXdEV+eXe92OEX0MopcyxiCSJZN5o3zZ4hQ==",
      "license": "SEE LICENSE IN README.md",
      "peer": true,
      "dependencies": {
        "@devexpress/utils": "1.3.16",
        "es6-object-assign": "^1.1.0"
      }
    },
    "node_modules/devexpress-diagram/node_modules/@devexpress/utils": {
      "version": "1.3.16",
      "resolved": "http://npmproxy.devexpress.devx:4873/@devexpress/utils/-/utils-1.3.16.tgz",
      "integrity": "sha512-4Az8FUtvesew89j6N7zmDGfZQyHicvSwVoPZMmxRPvz2u4UiLpI/LDD0zuzLYWsLa8pr+SsJ3JRIKmhlcDAsgA==",
      "license": "SEE LICENSE IN README.md",
      "peer": true,
      "dependencies": {
        "tslib": "2.0.1"
      }
    },
    "node_modules/devexpress-diagram/node_modules/tslib": {
      "version": "2.0.1",
      "resolved": "http://npmproxy.devexpress.devx:4873/tslib/-/tslib-2.0.1.tgz",
      "integrity": "sha512-SgIkNheinmEBgx1IUNirK0TUD4X9yjjBRTqqjggWCU3pUEqIk3/Uwl3yRixYKT6WjQuGiwDv4NomL3wqRCj+CQ==",
      "license": "0BSD",
      "peer": true
    },
    "node_modules/devexpress-gantt": {
      "version": "4.1.51",
      "resolved": "http://npmproxy.devexpress.devx:4873/devexpress-gantt/-/devexpress-gantt-4.1.51.tgz",
      "integrity": "sha512-sVCx7ffadSkXxvVasQDSka2VOnuu4WC08d/lq20zvr9EVMETggp2a3cTaymf9oIDDwuGugLOJdFVIz/3vWVfHw==",
      "license": "SEE LICENSE IN README.md",
      "peer": true,
      "dependencies": {
        "@devexpress/utils": "1.4.1",
        "tslib": "2.3.1"
      }
    },
    "node_modules/devexpress-gantt/node_modules/tslib": {
      "version": "2.3.1",
      "resolved": "http://npmproxy.devexpress.devx:4873/tslib/-/tslib-2.3.1.tgz",
      "integrity": "sha512-77EbyPPpMz+FRFRuAFlWMtmgUWGe9UOG2Z25NqCwiIjRhOf5iKGuzSe5P2w1laq+FkRy4p+PCuVkJSGkzTEKVw==",
      "license": "0BSD",
      "peer": true
    },
    "node_modules/devexpress-richedit": {
      "version": "23.2.4",
      "resolved": "http://npmproxy.devexpress.devx:4873/devexpress-richedit/-/devexpress-richedit-23.2.4.tgz",
      "integrity": "sha512-qSOjcnLklRu8giXurVpKXXVjPaSF6GC93L8sJF6J7M4qP0nBEC97oYj2g3VTwwj2E4oaZZxWAxopDetWnnvJuA==",
      "license": "SEE LICENSE IN README.md",
      "peer": true,
      "dependencies": {
        "@devexpress/utils": "1.4.1",
        "jszip": "~3.10.1",
        "tslib": "2.6.0"
      },
      "peerDependencies": {
        "devextreme": "23.2.4",
        "devextreme-dist": "23.2.4"
      }
    },
    "node_modules/devextreme": {
      "version": "23.2.4",
      "resolved": "http://npmproxy.devexpress.devx:4873/devextreme/-/devextreme-23.2.4.tgz",
      "integrity": "sha512-peMoEZGjELomWO1zWzn25uJEpC+4csntleJuIFno4/TbhBISXa1rm28dZt5pGKh+RnOhKy1A/wABpRJiC8stew==",
      "license": "SEE LICENSE IN README.md",
      "peer": true,
      "dependencies": {
        "@babel/runtime": "^7.12.1",
        "@devextreme/runtime": "3.0.12",
        "devexpress-diagram": "2.2.5",
        "devexpress-gantt": "4.1.51",
        "devextreme-quill": "1.6.4",
        "devextreme-showdown": "^1.0.1",
        "inferno": "^7.4.9",
        "inferno-hydrate": "^7.4.9",
        "jszip": "^3.7.1",
        "rrule": "^2.7.1",
        "turndown": "~7.1.0"
      },
      "bin": {
        "devextreme-bundler": "bin/bundler.js",
        "devextreme-bundler-init": "bin/bundler-init.js"
      }
    },
    "node_modules/devextreme-dist": {
      "version": "23.2.4",
      "resolved": "http://npmproxy.devexpress.devx:4873/devextreme-dist/-/devextreme-dist-23.2.4.tgz",
      "integrity": "sha512-aLIycpgzIIZeo0kOFcrToJGlWlJtddzLznLASfFDQUnAXjV2QAtEQfPjb0zfNFI27koHvpPQ015kZyiwG8tNWA=="
    },
    "node_modules/devextreme-quill": {
      "version": "1.6.4",
      "resolved": "http://npmproxy.devexpress.devx:4873/devextreme-quill/-/devextreme-quill-1.6.4.tgz",
      "integrity": "sha512-qs8lt+nn/2vQX1PrImQmCj2B1c8ydD5Hrjn42wWeqa4sVFd/9e2UM+PL979EtKqX0k1M4ncMe25cSbgYz5nNdA==",
      "license": "BSD-3-Clause",
      "peer": true,
      "dependencies": {
        "core-js": "^3.34.0",
        "eventemitter3": "^4.0.7",
        "lodash.clonedeep": "^4.5.0",
        "lodash.isequal": "^4.5.0",
        "lodash.merge": "^4.6.2",
        "parchment": "^2.0.1",
        "quill-delta": "^5.0.0"
      }
    },
    "node_modules/devextreme-showdown": {
      "version": "1.0.1",
      "resolved": "http://npmproxy.devexpress.devx:4873/devextreme-showdown/-/devextreme-showdown-1.0.1.tgz",
      "integrity": "sha512-63zsdU3iGDp0E9TibxGwZPlS+l07/VvD/mlgZY30fEqz6J2kCsYCqyNKbhlgIvuz+yMtWcUXVYVOMpA2YBTgEg==",
      "license": "BSD-3-Clause",
      "peer": true,
      "dependencies": {
        "yargs": "^17.2.1"
      },
      "bin": {
        "showdown": "bin/showdown.js"
      }
    },
    "node_modules/domino": {
      "version": "2.1.6",
      "resolved": "http://npmproxy.devexpress.devx:4873/domino/-/domino-2.1.6.tgz",
      "integrity": "sha512-3VdM/SXBZX2omc9JF9nOPCtDaYQ67BGp5CoLpIQlO2KCAPETs8TcDHacF26jXadGbvUteZzRTeos2fhID5+ucQ==",
      "license": "BSD-2-Clause",
      "peer": true
    },
    "node_modules/emoji-regex": {
      "version": "8.0.0",
      "resolved": "http://npmproxy.devexpress.devx:4873/emoji-regex/-/emoji-regex-8.0.0.tgz",
      "integrity": "sha512-MSjYzcWNOA0ewAHpz0MxpYFvwg6yjy1NG3xteoqz644VCo/RPgnr1/GGt+ic3iJTzQ8Eu3TdM14SawnVUmGE6A==",
      "license": "MIT",
      "peer": true
    },
    "node_modules/es6-object-assign": {
      "version": "1.1.0",
      "resolved": "http://npmproxy.devexpress.devx:4873/es6-object-assign/-/es6-object-assign-1.1.0.tgz",
      "integrity": "sha512-MEl9uirslVwqQU369iHNWZXsI8yaZYGg/D65aOgZkeyFJwHYSxilf7rQzXKI7DdDuBPrBXbfk3sl9hJhmd5AUw==",
      "license": "MIT",
      "peer": true
    },
    "node_modules/escalade": {
      "version": "3.1.2",
      "resolved": "http://npmproxy.devexpress.devx:4873/escalade/-/escalade-3.1.2.tgz",
      "integrity": "sha512-ErCHMCae19vR8vQGe50xIsVomy19rg6gFu3+r3jkEO46suLMWBksvVyoGgQV+jOfl84ZSOSlmv6Gxa89PmTGmA==",
      "license": "MIT",
      "peer": true,
      "engines": {
        "node": ">=6"
      }
    },
    "node_modules/eventemitter3": {
      "version": "4.0.7",
      "resolved": "http://npmproxy.devexpress.devx:4873/eventemitter3/-/eventemitter3-4.0.7.tgz",
      "integrity": "sha512-8guHBZCwKnFhYdHr2ysuRWErTwhoN2X8XELRlrRwpmfeY2jjuUN4taQMsULKUVo1K4DvZl+0pgfyoysHxvmvEw==",
      "license": "MIT",
      "peer": true
    },
    "node_modules/fast-diff": {
      "version": "1.3.0",
      "resolved": "http://npmproxy.devexpress.devx:4873/fast-diff/-/fast-diff-1.3.0.tgz",
      "integrity": "sha512-VxPP4NqbUjj6MaAOafWeUn2cXWLcCtljklUtZf0Ind4XQ+QPtmA0b18zZy0jIQx+ExRVCR/ZQpBmik5lXshNsw==",
      "license": "Apache-2.0",
      "peer": true
    },
    "node_modules/get-caller-file": {
      "version": "2.0.5",
      "resolved": "http://npmproxy.devexpress.devx:4873/get-caller-file/-/get-caller-file-2.0.5.tgz",
      "integrity": "sha512-DyFP3BM/3YHTQOCUL/w0OZHR0lpKeGrxotcHWcqNEdnltqFwXVfhEBQ94eIo34AfQpo0rGki4cyIiftY06h2Fg==",
      "license": "ISC",
      "peer": true,
      "engines": {
        "node": "6.* || 8.* || >= 10.*"
      }
    },
    "node_modules/html2canvas": {
      "version": "1.4.1",
      "resolved": "http://npmproxy.devexpress.devx:4873/html2canvas/-/html2canvas-1.4.1.tgz",
      "integrity": "sha512-fPU6BHNpsyIhr8yyMpTLLxAbkaK8ArIBcmZIRiBLiDhjeqvXolaEmDGmELFuX9I4xDcaKKcJl+TKZLqruBbmWA==",
      "license": "MIT",
      "dependencies": {
        "css-line-break": "^2.1.0",
        "text-segmentation": "^1.0.3"
      },
      "engines": {
        "node": ">=8.0.0"
      }
    },
    "node_modules/immediate": {
      "version": "3.0.6",
      "resolved": "http://npmproxy.devexpress.devx:4873/immediate/-/immediate-3.0.6.tgz",
      "integrity": "sha512-XXOFtyqDjNDAQxVfYxuF7g9Il/IbWmmlQg2MYKOH8ExIT1qg6xc4zyS3HaEEATgs1btfzxq15ciUiY7gjSXRGQ==",
      "license": "MIT",
      "peer": true
    },
    "node_modules/inferno": {
      "version": "7.4.11",
      "resolved": "http://npmproxy.devexpress.devx:4873/inferno/-/inferno-7.4.11.tgz",
      "integrity": "sha512-N+cs33ESWI8fdToCd98yMRYl7jkLnCkJskxov3FKKlaKOvk3PRlAttbhmUaYdWXlRvt2WeXi+J4MbzNj3V6G0w==",
      "hasInstallScript": true,
      "license": "MIT",
      "peer": true,
      "dependencies": {
        "inferno-shared": "7.4.11",
        "inferno-vnode-flags": "7.4.11",
        "opencollective-postinstall": "^2.0.3"
      }
    },
    "node_modules/inferno-create-element": {
      "version": "7.4.11",
      "resolved": "http://npmproxy.devexpress.devx:4873/inferno-create-element/-/inferno-create-element-7.4.11.tgz",
      "integrity": "sha512-kE6XIx2hPAd5qpDli2iGjNXgubvuyxdLvoiW71WnSzIIxA+Uxa/s8lY8m03VyHHVypFV3n329ZY5dFvKc7UQMg==",
      "license": "MIT",
      "peer": true,
      "dependencies": {
        "inferno": "7.4.11"
      }
    },
    "node_modules/inferno-hydrate": {
      "version": "7.4.11",
      "resolved": "http://npmproxy.devexpress.devx:4873/inferno-hydrate/-/inferno-hydrate-7.4.11.tgz",
      "integrity": "sha512-hF9Ke4GHAkj8GQrMXBZPfsUqhq6WjkoDCAfXhPBuF1Wiceqyy8KerOOXEnuocHky77fuEXq0AzVnQcC064Bkfw==",
      "license": "MIT",
      "peer": true,
      "dependencies": {
        "inferno": "7.4.11"
      }
    },
    "node_modules/inferno-shared": {
      "version": "7.4.11",
      "resolved": "http://npmproxy.devexpress.devx:4873/inferno-shared/-/inferno-shared-7.4.11.tgz",
      "integrity": "sha512-pN725bDSTxkQmRS3e/3H02/xAqgHl+xgddCMjPm8M0etRdRcVCisi3NGPhzSbDDmiftrxhY31exs7+dwsngcDA==",
      "license": "MIT",
      "peer": true
    },
    "node_modules/inferno-vnode-flags": {
      "version": "7.4.11",
      "resolved": "http://npmproxy.devexpress.devx:4873/inferno-vnode-flags/-/inferno-vnode-flags-7.4.11.tgz",
      "integrity": "sha512-L7lslEQCq3IfwgT/b9zhuMf8fv6KXCNXXHZevk/WYxnqJsOWGDcKpJn0zkzXfvmj0otbB149iLUQVBq3oe2sfA==",
      "license": "MIT",
      "peer": true
    },
    "node_modules/inherits": {
      "version": "2.0.4",
      "resolved": "http://npmproxy.devexpress.devx:4873/inherits/-/inherits-2.0.4.tgz",
      "integrity": "sha512-k/vGaX4/Yla3WzyMCvTQOXYeIHvqOKtnqBduzTHpzpQZzAskKMhZ2K+EnBiSM9zGSoIFeMpXKxa4dYeZIQqewQ==",
      "license": "ISC",
      "peer": true
    },
    "node_modules/is-fullwidth-code-point": {
      "version": "3.0.0",
      "resolved": "http://npmproxy.devexpress.devx:4873/is-fullwidth-code-point/-/is-fullwidth-code-point-3.0.0.tgz",
      "integrity": "sha512-zymm5+u+sCsSWyD9qNaejV3DFvhCKclKdizYaJUuHA83RLjb7nSuGnddCHGv0hk+KY7BMAlsWeK4Ueg6EV6XQg==",
      "license": "MIT",
      "peer": true,
      "engines": {
        "node": ">=8"
      }
    },
    "node_modules/isarray": {
      "version": "1.0.0",
      "resolved": "http://npmproxy.devexpress.devx:4873/isarray/-/isarray-1.0.0.tgz",
      "integrity": "sha512-VLghIWNM6ELQzo7zwmcg0NmTVyWKYjvIeM83yjp0wRDTmUnrM678fQbcKBo6n2CJEF0szoG//ytg+TKla89ALQ==",
      "license": "MIT",
      "peer": true
    },
    "node_modules/jquery": {
      "version": "3.7.1",
      "resolved": "http://npmproxy.devexpress.devx:4873/jquery/-/jquery-3.7.1.tgz",
      "integrity": "sha512-m4avr8yL8kmFN8psrbFFFmB/If14iN5o9nw/NgnnM+kybDJpRsAynV2BsfpTYrTRysYUdADVD7CkUUizgkpLfg==",
      "license": "MIT"
    },
    "node_modules/jszip": {
      "version": "3.10.1",
      "resolved": "http://npmproxy.devexpress.devx:4873/jszip/-/jszip-3.10.1.tgz",
      "integrity": "sha512-xXDvecyTpGLrqFrvkrUSoxxfJI5AH7U8zxxtVclpsUtMCq4JQ290LY8AW5c7Ggnr/Y/oK+bQMbqK2qmtk3pN4g==",
      "license": "(MIT OR GPL-3.0-or-later)",
      "peer": true,
      "dependencies": {
        "lie": "~3.3.0",
        "pako": "~1.0.2",
        "readable-stream": "~2.3.6",
        "setimmediate": "^1.0.5"
      }
    },
    "node_modules/knockout": {
      "version": "3.5.1",
      "resolved": "http://npmproxy.devexpress.devx:4873/knockout/-/knockout-3.5.1.tgz",
      "integrity": "sha512-wRJ9I4az0QcsH7A4v4l0enUpkS++MBx0BnL/68KaLzJg7x1qmbjSlwEoCNol7KTYZ+pmtI7Eh2J0Nu6/2Z5J/Q==",
      "license": "MIT"
    },
    "node_modules/lie": {
      "version": "3.3.0",
      "resolved": "http://npmproxy.devexpress.devx:4873/lie/-/lie-3.3.0.tgz",
      "integrity": "sha512-UaiMJzeWRlEujzAuw5LokY1L5ecNQYZKfmyZ9L7wDHb/p5etKaxXhohBcrw0EYby+G/NA52vRSN4N39dxHAIwQ==",
      "license": "MIT",
      "peer": true,
      "dependencies": {
        "immediate": "~3.0.5"
      }
    },
    "node_modules/lodash.clonedeep": {
      "version": "4.5.0",
      "resolved": "http://npmproxy.devexpress.devx:4873/lodash.clonedeep/-/lodash.clonedeep-4.5.0.tgz",
      "integrity": "sha512-H5ZhCF25riFd9uB5UCkVKo61m3S/xZk1x4wA6yp/L3RFP6Z/eHH1ymQcGLo7J3GMPfm0V/7m1tryHuGVxpqEBQ==",
      "license": "MIT",
      "peer": true
    },
    "node_modules/lodash.isequal": {
      "version": "4.5.0",
      "resolved": "http://npmproxy.devexpress.devx:4873/lodash.isequal/-/lodash.isequal-4.5.0.tgz",
      "integrity": "sha512-pDo3lu8Jhfjqls6GkMgpahsF9kCyayhgykjyLMNFTKWrpVdAQtYyB4muAMWozBB4ig/dtWAmsMxLEI8wuz+DYQ==",
      "license": "MIT",
      "peer": true
    },
    "node_modules/lodash.merge": {
      "version": "4.6.2",
      "resolved": "http://npmproxy.devexpress.devx:4873/lodash.merge/-/lodash.merge-4.6.2.tgz",
      "integrity": "sha512-0KpjqXRVvrYyCsX1swR/XTK0va6VQkQM6MNo7PqW77ByjAhoARA8EfrP1N4+KlKj8YS0ZUCtRT/YUuhyYDujIQ==",
      "license": "MIT",
      "peer": true
    },
    "node_modules/opencollective-postinstall": {
      "version": "2.0.3",
      "resolved": "http://npmproxy.devexpress.devx:4873/opencollective-postinstall/-/opencollective-postinstall-2.0.3.tgz",
      "integrity": "sha512-8AV/sCtuzUeTo8gQK5qDZzARrulB3egtLzFgteqB2tcT4Mw7B8Kt7JcDHmltjz6FOAHsvTevk70gZEbhM4ZS9Q==",
      "license": "MIT",
      "peer": true,
      "bin": {
        "opencollective-postinstall": "index.js"
      }
    },
    "node_modules/pako": {
      "version": "1.0.11",
      "resolved": "http://npmproxy.devexpress.devx:4873/pako/-/pako-1.0.11.tgz",
      "integrity": "sha512-4hLB8Py4zZce5s4yd9XzopqwVv/yGNhV1Bl8NTmCq1763HeK2+EwVTv+leGeL13Dnh2wfbqowVPXCIO0z4taYw==",
      "license": "(MIT AND Zlib)",
      "peer": true
    },
    "node_modules/parchment": {
      "version": "2.0.1",
      "resolved": "http://npmproxy.devexpress.devx:4873/parchment/-/parchment-2.0.1.tgz",
      "integrity": "sha512-VBKrlEoZCBD+iwoeag0QTtY1Cti+Ma4nLpVYcc/uus/wHhMsPOi5InH3RL1s4aekahPZpabcS2ToKyGf7RMH/g==",
      "license": "BSD-3-Clause",
      "peer": true
    },
    "node_modules/process-nextick-args": {
      "version": "2.0.1",
      "resolved": "http://npmproxy.devexpress.devx:4873/process-nextick-args/-/process-nextick-args-2.0.1.tgz",
      "integrity": "sha512-3ouUOpQhtgrbOa17J7+uxOTpITYWaGP7/AhoR3+A+/1e9skrzelGi/dXzEYyvbxubEF6Wn2ypscTKiKJFFn1ag==",
      "license": "MIT",
      "peer": true
    },
    "node_modules/quill-delta": {
      "version": "5.1.0",
      "resolved": "http://npmproxy.devexpress.devx:4873/quill-delta/-/quill-delta-5.1.0.tgz",
      "integrity": "sha512-X74oCeRI4/p0ucjb5Ma8adTXd9Scumz367kkMK5V/IatcX6A0vlgLgKbzXWy5nZmCGeNJm2oQX0d2Eqj+ZIlCA==",
      "license": "MIT",
      "peer": true,
      "dependencies": {
        "fast-diff": "^1.3.0",
        "lodash.clonedeep": "^4.5.0",
        "lodash.isequal": "^4.5.0"
      },
      "engines": {
        "node": ">= 12.0.0"
      }
    },
    "node_modules/readable-stream": {
      "version": "2.3.8",
      "resolved": "http://npmproxy.devexpress.devx:4873/readable-stream/-/readable-stream-2.3.8.tgz",
      "integrity": "sha512-8p0AUk4XODgIewSi0l8Epjs+EVnWiK7NoDIEGU0HhE7+ZyY8D1IMY7odu5lRrFXGg71L15KG8QrPmum45RTtdA==",
      "license": "MIT",
      "peer": true,
      "dependencies": {
        "core-util-is": "~1.0.0",
        "inherits": "~2.0.3",
        "isarray": "~1.0.0",
        "process-nextick-args": "~2.0.0",
        "safe-buffer": "~5.1.1",
        "string_decoder": "~1.1.1",
        "util-deprecate": "~1.0.1"
      }
    },
    "node_modules/regenerator-runtime": {
      "version": "0.14.1",
      "resolved": "http://npmproxy.devexpress.devx:4873/regenerator-runtime/-/regenerator-runtime-0.14.1.tgz",
      "integrity": "sha512-dYnhHh0nJoMfnkZs6GmmhFknAGRrLznOu5nc9ML+EJxGvrx6H7teuevqVqCuPcPK//3eDrrjQhehXVx9cnkGdw==",
      "license": "MIT",
      "peer": true
    },
    "node_modules/require-directory": {
      "version": "2.1.1",
      "resolved": "http://npmproxy.devexpress.devx:4873/require-directory/-/require-directory-2.1.1.tgz",
      "integrity": "sha512-fGxEI7+wsG9xrvdjsrlmL22OMTTiHRwAMroiEeMgq8gzoLC/PQr7RsRDSTLUg/bZAZtF+TVIkHc6/4RIKrui+Q==",
      "license": "MIT",
      "peer": true,
      "engines": {
        "node": ">=0.10.0"
      }
    },
    "node_modules/rrule": {
      "version": "2.8.1",
      "resolved": "http://npmproxy.devexpress.devx:4873/rrule/-/rrule-2.8.1.tgz",
      "integrity": "sha512-hM3dHSBMeaJ0Ktp7W38BJZ7O1zOgaFEsn41PDk+yHoEtfLV+PoJt9E9xAlZiWgf/iqEqionN0ebHFZIDAp+iGw==",
      "license": "BSD-3-Clause",
      "peer": true,
      "dependencies": {
        "tslib": "^2.4.0"
      }
    },
    "node_modules/safe-buffer": {
      "version": "5.1.2",
      "resolved": "http://npmproxy.devexpress.devx:4873/safe-buffer/-/safe-buffer-5.1.2.tgz",
      "integrity": "sha512-Gd2UZBJDkXlY7GbJxfsE8/nvKkUEU1G38c1siN6QP6a9PT9MmHB8GnpscSmMJSoF8LOIrt8ud/wPtojys4G6+g==",
      "license": "MIT",
      "peer": true
    },
    "node_modules/setimmediate": {
      "version": "1.0.5",
      "resolved": "http://npmproxy.devexpress.devx:4873/setimmediate/-/setimmediate-1.0.5.tgz",
      "integrity": "sha512-MATJdZp8sLqDl/68LfQmbP8zKPLQNV6BIZoIgrscFDQ+RsvK/BxeDQOgyxKKoh0y/8h3BqVFnCqQ/gd+reiIXA==",
      "license": "MIT",
      "peer": true
    },
    "node_modules/string_decoder": {
      "version": "1.1.1",
      "resolved": "http://npmproxy.devexpress.devx:4873/string_decoder/-/string_decoder-1.1.1.tgz",
      "integrity": "sha512-n/ShnvDi6FHbbVfviro+WojiFzv+s8MPMHBczVePfUpDJLwoLT0ht1l4YwBCbi8pJAveEEdnkHyPyTP/mzRfwg==",
      "license": "MIT",
      "peer": true,
      "dependencies": {
        "safe-buffer": "~5.1.0"
      }
    },
    "node_modules/string-width": {
      "version": "4.2.3",
      "resolved": "http://npmproxy.devexpress.devx:4873/string-width/-/string-width-4.2.3.tgz",
      "integrity": "sha512-wKyQRQpjJ0sIp62ErSZdGsjMJWsap5oRNihHhu6G7JVO/9jIB6UyevL+tXuOqrng8j/cxKTWyWUwvSTriiZz/g==",
      "license": "MIT",
      "peer": true,
      "dependencies": {
        "emoji-regex": "^8.0.0",
        "is-fullwidth-code-point": "^3.0.0",
        "strip-ansi": "^6.0.1"
      },
      "engines": {
        "node": ">=8"
      }
    },
    "node_modules/strip-ansi": {
      "version": "6.0.1",
      "resolved": "http://npmproxy.devexpress.devx:4873/strip-ansi/-/strip-ansi-6.0.1.tgz",
      "integrity": "sha512-Y38VPSHcqkFrCpFnQ9vuSXmquuv5oXOKpGeT6aGrr3o3Gc9AlVa6JBfUSOCnbxGGZF+/0ooI7KrPuUSztUdU5A==",
      "license": "MIT",
      "peer": true,
      "dependencies": {
        "ansi-regex": "^5.0.1"
      },
      "engines": {
        "node": ">=8"
      }
    },
    "node_modules/text-segmentation": {
      "version": "1.0.3",
      "resolved": "http://npmproxy.devexpress.devx:4873/text-segmentation/-/text-segmentation-1.0.3.tgz",
      "integrity": "sha512-iOiPUo/BGnZ6+54OsWxZidGCsdU8YbE4PSpdPinp7DeMtUJNJBoJ/ouUSTJjHkh1KntHaltHl/gDs2FC4i5+Nw==",
      "license": "MIT",
      "dependencies": {
        "utrie": "^1.0.2"
      }
    },
    "node_modules/tslib": {
      "version": "2.6.0",
      "resolved": "http://npmproxy.devexpress.devx:4873/tslib/-/tslib-2.6.0.tgz",
      "integrity": "sha512-7At1WUettjcSRHXCyYtTselblcHl9PJFFVKiCAy/bY97+BPZXSQ2wbq0P9s8tK2G7dFQfNnlJnPAiArVBVBsfA==",
      "license": "0BSD",
      "peer": true
    },
    "node_modules/turndown": {
      "version": "7.1.2",
      "resolved": "http://npmproxy.devexpress.devx:4873/turndown/-/turndown-7.1.2.tgz",
      "integrity": "sha512-ntI9R7fcUKjqBP6QU8rBK2Ehyt8LAzt3UBT9JR9tgo6GtuKvyUzpayWmeMKJw1DPdXzktvtIT8m2mVXz+bL/Qg==",
      "license": "MIT",
      "peer": true,
      "dependencies": {
        "domino": "^2.1.6"
      }
    },
    "node_modules/util-deprecate": {
      "version": "1.0.2",
      "resolved": "http://npmproxy.devexpress.devx:4873/util-deprecate/-/util-deprecate-1.0.2.tgz",
      "integrity": "sha512-EPD5q1uXyFxJpCrLnCc1nHnq3gOa6DZBocAIiI2TaSCA7VCJ1UJDMagCzIkXNsUYfD1daK//LTEQ8xiIbrHtcw==",
      "license": "MIT",
      "peer": true
    },
    "node_modules/utrie": {
      "version": "1.0.2",
      "resolved": "http://npmproxy.devexpress.devx:4873/utrie/-/utrie-1.0.2.tgz",
      "integrity": "sha512-1MLa5ouZiOmQzUbjbu9VmjLzn1QLXBhwpUa7kdLUQK+KQ5KA9I1vk5U4YHe/X2Ch7PYnJfWuWT+VbuxbGwljhw==",
      "license": "MIT",
      "dependencies": {
        "base64-arraybuffer": "^1.0.2"
      }
    },
    "node_modules/wrap-ansi": {
      "version": "7.0.0",
      "resolved": "http://npmproxy.devexpress.devx:4873/wrap-ansi/-/wrap-ansi-7.0.0.tgz",
      "integrity": "sha512-YVGIj2kamLSTxw6NsZjoBxfSwsn0ycdesmc4p+Q21c5zPuZ1pl+NfxVdxPtdHvmNVOQ6XSYG4AUtyt/Fi7D16Q==",
      "license": "MIT",
      "peer": true,
      "dependencies": {
        "ansi-styles": "^4.0.0",
        "string-width": "^4.1.0",
        "strip-ansi": "^6.0.0"
      },
      "engines": {
        "node": ">=10"
      },
      "funding": {
        "url": "https://github.com/chalk/wrap-ansi?sponsor=1"
      }
    },
    "node_modules/y18n": {
      "version": "5.0.8",
      "resolved": "http://npmproxy.devexpress.devx:4873/y18n/-/y18n-5.0.8.tgz",
      "integrity": "sha512-0pfFzegeDWJHJIAmTLRP2DwHjdF5s7jo9tuztdQxAhINCdvS+3nGINqPd00AphqJR/0LhANUS6/+7SCb98YOfA==",
      "license": "ISC",
      "peer": true,
      "engines": {
        "node": ">=10"
      }
    },
    "node_modules/yargs": {
      "version": "17.7.2",
      "resolved": "http://npmproxy.devexpress.devx:4873/yargs/-/yargs-17.7.2.tgz",
      "integrity": "sha512-7dSzzRQ++CKnNI/krKnYRV7JKKPUXMEh61soaHKg9mrWEhzFWhFnxPxGl+69cD1Ou63C13NUPCnmIcrvqCuM6w==",
      "license": "MIT",
      "peer": true,
      "dependencies": {
        "cliui": "^8.0.1",
        "escalade": "^3.1.1",
        "get-caller-file": "^2.0.5",
        "require-directory": "^2.1.1",
        "string-width": "^4.2.3",
        "y18n": "^5.0.5",
        "yargs-parser": "^21.1.1"
      },
      "engines": {
        "node": ">=12"
      }
    },
    "node_modules/yargs-parser": {
      "version": "21.1.1",
      "resolved": "http://npmproxy.devexpress.devx:4873/yargs-parser/-/yargs-parser-21.1.1.tgz",
      "integrity": "sha512-tVpsJW7DdjecAiFpbIB1e3qxIQsE6NoPc5/eTdrbbIC4h0LVsWhnoa3g+m2HclBIujHzsxZ4VJVA+GUuc2/LBw==",
      "license": "ISC",
      "peer": true,
      "engines": {
        "node": ">=12"
      }
    }
  }
}
